<?xml version="1.0" encoding="utf-8"?>
<Project ToolsVersion="4.0" xmlns="http://schemas.microsoft.com/developer/msbuild/2003">
  <ItemGroup>
    <Filter Include="math">
      <UniqueIdentifier>{bf9df51c-06bf-4bf1-a08d-b8fb0eef3de1}</UniqueIdentifier>
    </Filter>
    <Filter Include="auxililty">
      <UniqueIdentifier>{d9b6b7df-d2cf-4576-82ce-12fdf5886032}</UniqueIdentifier>
    </Filter>
    <Filter Include="filesystem">
      <UniqueIdentifier>{399943a3-a555-4a86-84b3-b2c080dcd2d8}</UniqueIdentifier>
    </Filter>
    <Filter Include="container">
      <UniqueIdentifier>{4efb1de1-6821-4155-8e96-da88890e6842}</UniqueIdentifier>
    </Filter>
    <Filter Include="mpl">
      <UniqueIdentifier>{c7f2902c-2ffd-40fb-9340-9de01f3e310c}</UniqueIdentifier>
    </Filter>
    <Filter Include="mpl\type_traits">
      <UniqueIdentifier>{7bcd8bda-61c7-49ca-8500-cf64775ad9db}</UniqueIdentifier>
    </Filter>
    <Filter Include="memory">
      <UniqueIdentifier>{53a06abf-f421-4603-84b7-4b683d880e0f}</UniqueIdentifier>
    </Filter>
    <Filter Include="preprocessor">
      <UniqueIdentifier>{aaa970fb-831d-4f26-8748-97760875ca7f}</UniqueIdentifier>
    </Filter>
    <Filter Include="mpl\function">
      <UniqueIdentifier>{3c46b793-a52e-4ac8-9059-8a936f6d4f72}</UniqueIdentifier>
    </Filter>
  </ItemGroup>
  <ItemGroup>
    <ClInclude Include="math\capsule.h">
      <Filter>math</Filter>
    </ClInclude>
    <ClInclude Include="math\color4.h">
      <Filter>math</Filter>
    </ClInclude>
    <ClInclude Include="math\euler.h">
      <Filter>math</Filter>
    </ClInclude>
    <ClInclude Include="math\int_rect.h">
      <Filter>math</Filter>
    </ClInclude>
    <ClInclude Include="math\matrix4.h">
      <Filter>math</Filter>
    </ClInclude>
    <ClInclude Include="math\plane.h">
      <Filter>math</Filter>
    </ClInclude>
    <ClInclude Include="math\quaternion.h">
      <Filter>math</Filter>
    </ClInclude>
    <ClInclude Include="math\sphere.h">
      <Filter>math</Filter>
    </ClInclude>
    <ClInclude Include="math\vector2.h">
      <Filter>math</Filter>
    </ClInclude>
    <ClInclude Include="math\vector3.h">
      <Filter>math</Filter>
    </ClInclude>
    <ClInclude Include="math\vector4.h">
      <Filter>math</Filter>
    </ClInclude>
    <ClInclude Include="compile.h" />
    <ClInclude Include="type.h" />
    <ClInclude Include="math\math_impl.h">
      <Filter>math</Filter>
    </ClInclude>
    <ClInclude Include="math\math_fwd.h">
      <Filter>math</Filter>
    </ClInclude>
    <ClInclude Include="log\log.h" />
    <ClInclude Include="auxililty\ingore_unused.h">
      <Filter>auxililty</Filter>
    </ClInclude>
    <ClInclude Include="auxililty\noncopyable.h">
      <Filter>auxililty</Filter>
    </ClInclude>
    <ClInclude Include="auxililty\optional.h">
      <Filter>auxililty</Filter>
    </ClInclude>
    <ClInclude Include="auxililty\singletonable.h">
      <Filter>auxililty</Filter>
    </ClInclude>
    <ClInclude Include="filesystem\path.h">
      <Filter>filesystem</Filter>
    </ClInclude>
    <ClInclude Include="filesystem\reader.h">
      <Filter>filesystem</Filter>
    </ClInclude>
    <ClInclude Include="filesystem\writer.h">
      <Filter>filesystem</Filter>
    </ClInclude>
    <ClInclude Include="container\string.h">
      <Filter>container</Filter>
    </ClInclude>
    <ClInclude Include="container\string_ref.h">
      <Filter>container</Filter>
    </ClInclude>
    <ClInclude Include="container\char_trait.h">
      <Filter>container</Filter>
    </ClInclude>
    <ClInclude Include="mpl\placeholder.h">
      <Filter>mpl</Filter>
    </ClInclude>
    <ClInclude Include="mpl\if.h">
      <Filter>mpl</Filter>
    </ClInclude>
    <ClInclude Include="container\vector.h">
      <Filter>container</Filter>
    </ClInclude>
    <ClInclude Include="container\bidirection_list.h">
      <Filter>container</Filter>
    </ClInclude>
    <ClInclude Include="container\forward_list.h">
      <Filter>container</Filter>
    </ClInclude>
    <ClInclude Include="container\hash_map.h">
      <Filter>container</Filter>
    </ClInclude>
    <ClInclude Include="container\hash_set.h">
      <Filter>container</Filter>
    </ClInclude>
    <ClInclude Include="container\skip_map.h">
      <Filter>container</Filter>
    </ClInclude>
    <ClInclude Include="container\skip_set.h">
      <Filter>container</Filter>
    </ClInclude>
    <ClInclude Include="container\concurrent_hash_map.h">
      <Filter>container</Filter>
    </ClInclude>
    <ClInclude Include="container\concurrent_hash_set.h">
      <Filter>container</Filter>
    </ClInclude>
    <ClInclude Include="container\lockfree_circular_queue.h">
      <Filter>container</Filter>
    </ClInclude>
    <ClInclude Include="mpl\logic_not.h">
      <Filter>mpl</Filter>
    </ClInclude>
    <ClInclude Include="mpl\logic_or.h">
      <Filter>mpl</Filter>
    </ClInclude>
    <ClInclude Include="mpl\logic_and.h">
      <Filter>mpl</Filter>
    </ClInclude>
    <ClInclude Include="mpl\logic_not_equal.h">
      <Filter>mpl</Filter>
    </ClInclude>
    <ClInclude Include="mpl\logic_less.h">
      <Filter>mpl</Filter>
    </ClInclude>
    <ClInclude Include="mpl\logic_less_equal.h">
      <Filter>mpl</Filter>
    </ClInclude>
    <ClInclude Include="mpl\bool_.h">
      <Filter>mpl</Filter>
    </ClInclude>
    <ClInclude Include="mpl\int_.h">
      <Filter>mpl</Filter>
    </ClInclude>
    <ClInclude Include="preprocessor\bit4_all_zero.h">
      <Filter>preprocessor</Filter>
    </ClInclude>
    <ClInclude Include="preprocessor\bit4x4_add.h">
      <Filter>preprocessor</Filter>
    </ClInclude>
    <ClInclude Include="preprocessor\bit4x4_equal.h">
      <Filter>preprocessor</Filter>
    </ClInclude>
    <ClInclude Include="preprocessor\bit4x4_less.h">
      <Filter>preprocessor</Filter>
    </ClInclude>
    <ClInclude Include="preprocessor\bit4x4_sub.h">
      <Filter>preprocessor</Filter>
    </ClInclude>
    <ClInclude Include="preprocessor\bool_and.h">
      <Filter>preprocessor</Filter>
    </ClInclude>
    <ClInclude Include="preprocessor\bool_equal.h">
      <Filter>preprocessor</Filter>
    </ClInclude>
    <ClInclude Include="preprocessor\bool_if.h">
      <Filter>preprocessor</Filter>
    </ClInclude>
    <ClInclude Include="preprocessor\bool_if_comma.h">
      <Filter>preprocessor</Filter>
    </ClInclude>
    <ClInclude Include="preprocessor\bool_less.h">
      <Filter>preprocessor</Filter>
    </ClInclude>
    <ClInclude Include="preprocessor\bool_not.h">
      <Filter>preprocessor</Filter>
    </ClInclude>
    <ClInclude Include="preprocessor\bool_or.h">
      <Filter>preprocessor</Filter>
    </ClInclude>
    <ClInclude Include="preprocessor\bool_xor.h">
      <Filter>preprocessor</Filter>
    </ClInclude>
    <ClInclude Include="preprocessor\byte_add.h">
      <Filter>preprocessor</Filter>
    </ClInclude>
    <ClInclude Include="preprocessor\byte_div.h">
      <Filter>preprocessor</Filter>
    </ClInclude>
    <ClInclude Include="preprocessor\byte_equal.h">
      <Filter>preprocessor</Filter>
    </ClInclude>
    <ClInclude Include="preprocessor\byte_greater.h">
      <Filter>preprocessor</Filter>
    </ClInclude>
    <ClInclude Include="preprocessor\byte_less.h">
      <Filter>preprocessor</Filter>
    </ClInclude>
    <ClInclude Include="preprocessor\byte_mod.h">
      <Filter>preprocessor</Filter>
    </ClInclude>
    <ClInclude Include="preprocessor\byte_mul.h">
      <Filter>preprocessor</Filter>
    </ClInclude>
    <ClInclude Include="preprocessor\byte_not_equal.h">
      <Filter>preprocessor</Filter>
    </ClInclude>
    <ClInclude Include="preprocessor\byte_shift_attribute.h">
      <Filter>preprocessor</Filter>
    </ClInclude>
    <ClInclude Include="preprocessor\byte_shift_left.h">
      <Filter>preprocessor</Filter>
    </ClInclude>
    <ClInclude Include="preprocessor\byte_shift_right.h">
      <Filter>preprocessor</Filter>
    </ClInclude>
    <ClInclude Include="preprocessor\byte_sub.h">
      <Filter>preprocessor</Filter>
    </ClInclude>
    <ClInclude Include="preprocessor\byte_to_bool.h">
      <Filter>preprocessor</Filter>
    </ClInclude>
    <ClInclude Include="preprocessor\byte_to_uint8.h">
      <Filter>preprocessor</Filter>
    </ClInclude>
    <ClInclude Include="preprocessor\byte_unpack.h">
      <Filter>preprocessor</Filter>
    </ClInclude>
    <ClInclude Include="preprocessor\connect.h">
      <Filter>preprocessor</Filter>
    </ClInclude>
    <ClInclude Include="preprocessor\ingore.h">
      <Filter>preprocessor</Filter>
    </ClInclude>
    <ClInclude Include="preprocessor\range.h">
      <Filter>preprocessor</Filter>
    </ClInclude>
    <ClInclude Include="preprocessor\seq_at.h">
      <Filter>preprocessor</Filter>
    </ClInclude>
    <ClInclude Include="preprocessor\seq_compose.h">
      <Filter>preprocessor</Filter>
    </ClInclude>
    <ClInclude Include="preprocessor\seq_foreach.h">
      <Filter>preprocessor</Filter>
    </ClInclude>
    <ClInclude Include="preprocessor\seq_size.h">
      <Filter>preprocessor</Filter>
    </ClInclude>
    <ClInclude Include="preprocessor\sign.h">
      <Filter>preprocessor</Filter>
    </ClInclude>
    <ClInclude Include="preprocessor\stringize.h">
      <Filter>preprocessor</Filter>
    </ClInclude>
    <ClInclude Include="preprocessor\uint8_add_n.h">
      <Filter>preprocessor</Filter>
    </ClInclude>
    <ClInclude Include="preprocessor\uint8_add_one.h">
      <Filter>preprocessor</Filter>
    </ClInclude>
    <ClInclude Include="preprocessor\uint8_div.h">
      <Filter>preprocessor</Filter>
    </ClInclude>
    <ClInclude Include="preprocessor\uint8_equal.h">
      <Filter>preprocessor</Filter>
    </ClInclude>
    <ClInclude Include="preprocessor\uint8_greater.h">
      <Filter>preprocessor</Filter>
    </ClInclude>
    <ClInclude Include="preprocessor\uint8_greater_equal.h">
      <Filter>preprocessor</Filter>
    </ClInclude>
    <ClInclude Include="preprocessor\uint8_if.h">
      <Filter>preprocessor</Filter>
    </ClInclude>
    <ClInclude Include="preprocessor\uint8_is_zero.h">
      <Filter>preprocessor</Filter>
    </ClInclude>
    <ClInclude Include="preprocessor\uint8_less.h">
      <Filter>preprocessor</Filter>
    </ClInclude>
    <ClInclude Include="preprocessor\uint8_less_equal.h">
      <Filter>preprocessor</Filter>
    </ClInclude>
    <ClInclude Include="preprocessor\uint8_mod.h">
      <Filter>preprocessor</Filter>
    </ClInclude>
    <ClInclude Include="preprocessor\uint8_mul.h">
      <Filter>preprocessor</Filter>
    </ClInclude>
    <ClInclude Include="preprocessor\uint8_not_equal.h">
      <Filter>preprocessor</Filter>
    </ClInclude>
    <ClInclude Include="preprocessor\uint8_shift_right.h">
      <Filter>preprocessor</Filter>
    </ClInclude>
    <ClInclude Include="preprocessor\uint8_sub_n.h">
      <Filter>preprocessor</Filter>
    </ClInclude>
    <ClInclude Include="preprocessor\uint8_sub_one.h">
      <Filter>preprocessor</Filter>
    </ClInclude>
    <ClInclude Include="preprocessor\uint8_to_bool.h">
      <Filter>preprocessor</Filter>
    </ClInclude>
    <ClInclude Include="preprocessor\uint8_to_byte.h">
      <Filter>preprocessor</Filter>
    </ClInclude>
    <ClInclude Include="preprocessor\while.h">
      <Filter>preprocessor</Filter>
    </ClInclude>
    <ClInclude Include="preprocessor\seq_foreach_2p.h">
      <Filter>preprocessor</Filter>
    </ClInclude>
    <ClInclude Include="preprocessor\uint8_comma_if.h">
      <Filter>preprocessor</Filter>
    </ClInclude>
    <ClInclude Include="mpl\arithmetic_min.h">
      <Filter>mpl</Filter>
    </ClInclude>
    <ClInclude Include="mpl\arithmetic_max.h">
      <Filter>mpl</Filter>
    </ClInclude>
    <ClInclude Include="mpl\logic_equal.h">
      <Filter>mpl</Filter>
    </ClInclude>
    <ClInclude Include="mpl\type_traits\add_const.h">
      <Filter>mpl\type_traits</Filter>
    </ClInclude>
    <ClInclude Include="mpl\type_traits\add_const_lref.h">
      <Filter>mpl\type_traits</Filter>
    </ClInclude>
    <ClInclude Include="mpl\type_traits\add_const_ref.h">
      <Filter>mpl\type_traits</Filter>
    </ClInclude>
    <ClInclude Include="mpl\type_traits\add_cv.h">
      <Filter>mpl\type_traits</Filter>
    </ClInclude>
    <ClInclude Include="mpl\type_traits\add_lvalue_ref.h">
      <Filter>mpl\type_traits</Filter>
    </ClInclude>
    <ClInclude Include="mpl\type_traits\add_pointer.h">
      <Filter>mpl\type_traits</Filter>
    </ClInclude>
    <ClInclude Include="mpl\type_traits\add_rvalue_ref.h">
      <Filter>mpl\type_traits</Filter>
    </ClInclude>
    <ClInclude Include="mpl\type_traits\add_signed.h">
      <Filter>mpl\type_traits</Filter>
    </ClInclude>
    <ClInclude Include="mpl\type_traits\add_top_const.h">
      <Filter>mpl\type_traits</Filter>
    </ClInclude>
    <ClInclude Include="mpl\type_traits\add_unsigned.h">
      <Filter>mpl\type_traits</Filter>
    </ClInclude>
    <ClInclude Include="mpl\type_traits\add_volatile.h">
      <Filter>mpl\type_traits</Filter>
    </ClInclude>
    <ClInclude Include="mpl\type_traits\align_of.h">
      <Filter>mpl\type_traits</Filter>
    </ClInclude>
    <ClInclude Include="mpl\type_traits\aligned_storage.h">
      <Filter>mpl\type_traits</Filter>
    </ClInclude>
    <ClInclude Include="mpl\type_traits\aligned_union.h">
      <Filter>mpl\type_traits</Filter>
    </ClInclude>
    <ClInclude Include="mpl\type_traits\array_dim.h">
      <Filter>mpl\type_traits</Filter>
    </ClInclude>
    <ClInclude Include="mpl\type_traits\array_len.h">
      <Filter>mpl\type_traits</Filter>
    </ClInclude>
    <ClInclude Include="mpl\type_traits\common.h">
      <Filter>mpl\type_traits</Filter>
    </ClInclude>
    <ClInclude Include="mpl\type_traits\has_assigner.h">
      <Filter>mpl\type_traits</Filter>
    </ClInclude>
    <ClInclude Include="mpl\type_traits\has_bit_and.h">
      <Filter>mpl\type_traits</Filter>
    </ClInclude>
    <ClInclude Include="mpl\type_traits\has_bit_not.h">
      <Filter>mpl\type_traits</Filter>
    </ClInclude>
    <ClInclude Include="mpl\type_traits\has_bit_or.h">
      <Filter>mpl\type_traits</Filter>
    </ClInclude>
    <ClInclude Include="mpl\type_traits\has_bit_xor.h">
      <Filter>mpl\type_traits</Filter>
    </ClInclude>
    <ClInclude Include="mpl\type_traits\has_bracket.h">
      <Filter>mpl\type_traits</Filter>
    </ClInclude>
    <ClInclude Include="mpl\type_traits\has_constructor.h">
      <Filter>mpl\type_traits</Filter>
    </ClInclude>
    <ClInclude Include="mpl\type_traits\has_delete.h">
      <Filter>mpl\type_traits</Filter>
    </ClInclude>
    <ClInclude Include="mpl\type_traits\has_derefer.h">
      <Filter>mpl\type_traits</Filter>
    </ClInclude>
    <ClInclude Include="mpl\type_traits\has_destructor.h">
      <Filter>mpl\type_traits</Filter>
    </ClInclude>
    <ClInclude Include="mpl\type_traits\has_div.h">
      <Filter>mpl\type_traits</Filter>
    </ClInclude>
    <ClInclude Include="mpl\type_traits\has_equal.h">
      <Filter>mpl\type_traits</Filter>
    </ClInclude>
    <ClInclude Include="mpl\type_traits\has_front_dec.h">
      <Filter>mpl\type_traits</Filter>
    </ClInclude>
    <ClInclude Include="mpl\type_traits\has_front_inc.h">
      <Filter>mpl\type_traits</Filter>
    </ClInclude>
    <ClInclude Include="mpl\type_traits\has_greater.h">
      <Filter>mpl\type_traits</Filter>
    </ClInclude>
    <ClInclude Include="mpl\type_traits\has_greater_equal.h">
      <Filter>mpl\type_traits</Filter>
    </ClInclude>
    <ClInclude Include="mpl\type_traits\has_index.h">
      <Filter>mpl\type_traits</Filter>
    </ClInclude>
    <ClInclude Include="mpl\type_traits\has_less.h">
      <Filter>mpl\type_traits</Filter>
    </ClInclude>
    <ClInclude Include="mpl\type_traits\has_less_equal.h">
      <Filter>mpl\type_traits</Filter>
    </ClInclude>
    <ClInclude Include="mpl\type_traits\has_logic_and.h">
      <Filter>mpl\type_traits</Filter>
    </ClInclude>
    <ClInclude Include="mpl\type_traits\has_logic_not.h">
      <Filter>mpl\type_traits</Filter>
    </ClInclude>
    <ClInclude Include="mpl\type_traits\has_logic_or.h">
      <Filter>mpl\type_traits</Filter>
    </ClInclude>
    <ClInclude Include="mpl\type_traits\has_minus.h">
      <Filter>mpl\type_traits</Filter>
    </ClInclude>
    <ClInclude Include="mpl\type_traits\has_mod.h">
      <Filter>mpl\type_traits</Filter>
    </ClInclude>
    <ClInclude Include="mpl\type_traits\has_mul.h">
      <Filter>mpl\type_traits</Filter>
    </ClInclude>
    <ClInclude Include="mpl\type_traits\has_negate.h">
      <Filter>mpl\type_traits</Filter>
    </ClInclude>
    <ClInclude Include="mpl\type_traits\has_new.h">
      <Filter>mpl\type_traits</Filter>
    </ClInclude>
    <ClInclude Include="mpl\type_traits\has_not_equal.h">
      <Filter>mpl\type_traits</Filter>
    </ClInclude>
    <ClInclude Include="mpl\type_traits\has_post_dec.h">
      <Filter>mpl\type_traits</Filter>
    </ClInclude>
    <ClInclude Include="mpl\type_traits\has_post_inc.h">
      <Filter>mpl\type_traits</Filter>
    </ClInclude>
    <ClInclude Include="mpl\type_traits\has_refer_member.h">
      <Filter>mpl\type_traits</Filter>
    </ClInclude>
    <ClInclude Include="mpl\type_traits\has_shift_left.h">
      <Filter>mpl\type_traits</Filter>
    </ClInclude>
    <ClInclude Include="mpl\type_traits\has_shift_right.h">
      <Filter>mpl\type_traits</Filter>
    </ClInclude>
    <ClInclude Include="mpl\type_traits\identity.h">
      <Filter>mpl\type_traits</Filter>
    </ClInclude>
    <ClInclude Include="mpl\type_traits\is_abstract.h">
      <Filter>mpl\type_traits</Filter>
    </ClInclude>
    <ClInclude Include="mpl\type_traits\is_arithmetic.h">
      <Filter>mpl\type_traits</Filter>
    </ClInclude>
    <ClInclude Include="mpl\type_traits\is_array.h">
      <Filter>mpl\type_traits</Filter>
    </ClInclude>
    <ClInclude Include="mpl\type_traits\is_base_of.h">
      <Filter>mpl\type_traits</Filter>
    </ClInclude>
    <ClInclude Include="mpl\type_traits\is_base_same.h">
      <Filter>mpl\type_traits</Filter>
    </ClInclude>
    <ClInclude Include="mpl\type_traits\is_class.h">
      <Filter>mpl\type_traits</Filter>
    </ClInclude>
    <ClInclude Include="mpl\type_traits\is_compound.h">
      <Filter>mpl\type_traits</Filter>
    </ClInclude>
    <ClInclude Include="mpl\type_traits\is_const.h">
      <Filter>mpl\type_traits</Filter>
    </ClInclude>
    <ClInclude Include="mpl\type_traits\is_convertible.h">
      <Filter>mpl\type_traits</Filter>
    </ClInclude>
    <ClInclude Include="mpl\type_traits\is_empty.h">
      <Filter>mpl\type_traits</Filter>
    </ClInclude>
    <ClInclude Include="mpl\type_traits\is_enum.h">
      <Filter>mpl\type_traits</Filter>
    </ClInclude>
    <ClInclude Include="mpl\type_traits\is_final.h">
      <Filter>mpl\type_traits</Filter>
    </ClInclude>
    <ClInclude Include="mpl\type_traits\is_float.h">
      <Filter>mpl\type_traits</Filter>
    </ClInclude>
    <ClInclude Include="mpl\type_traits\is_function.h">
      <Filter>mpl\type_traits</Filter>
    </ClInclude>
    <ClInclude Include="mpl\type_traits\is_fundamental.h">
      <Filter>mpl\type_traits</Filter>
    </ClInclude>
    <ClInclude Include="mpl\type_traits\is_integral.h">
      <Filter>mpl\type_traits</Filter>
    </ClInclude>
    <ClInclude Include="mpl\type_traits\is_lvalue_ref.h">
      <Filter>mpl\type_traits</Filter>
    </ClInclude>
    <ClInclude Include="mpl\type_traits\is_member_fn_ptr.h">
      <Filter>mpl\type_traits</Filter>
    </ClInclude>
    <ClInclude Include="mpl\type_traits\is_member_obj_ptr.h">
      <Filter>mpl\type_traits</Filter>
    </ClInclude>
    <ClInclude Include="mpl\type_traits\is_member_ptr.h">
      <Filter>mpl\type_traits</Filter>
    </ClInclude>
    <ClInclude Include="mpl\type_traits\is_nullptr_t.h">
      <Filter>mpl\type_traits</Filter>
    </ClInclude>
    <ClInclude Include="mpl\type_traits\is_object.h">
      <Filter>mpl\type_traits</Filter>
    </ClInclude>
    <ClInclude Include="mpl\type_traits\is_pod.h">
      <Filter>mpl\type_traits</Filter>
    </ClInclude>
    <ClInclude Include="mpl\type_traits\is_pointer.h">
      <Filter>mpl\type_traits</Filter>
    </ClInclude>
    <ClInclude Include="mpl\type_traits\is_polymorphic.h">
      <Filter>mpl\type_traits</Filter>
    </ClInclude>
    <ClInclude Include="mpl\type_traits\is_ref.h">
      <Filter>mpl\type_traits</Filter>
    </ClInclude>
    <ClInclude Include="mpl\type_traits\is_rvalue_ref.h">
      <Filter>mpl\type_traits</Filter>
    </ClInclude>
    <ClInclude Include="mpl\type_traits\is_same.h">
      <Filter>mpl\type_traits</Filter>
    </ClInclude>
    <ClInclude Include="mpl\type_traits\is_scalar.h">
      <Filter>mpl\type_traits</Filter>
    </ClInclude>
    <ClInclude Include="mpl\type_traits\is_signed.h">
      <Filter>mpl\type_traits</Filter>
    </ClInclude>
    <ClInclude Include="mpl\type_traits\is_stand_layout.h">
      <Filter>mpl\type_traits</Filter>
    </ClInclude>
    <ClInclude Include="mpl\type_traits\is_trivial.h">
      <Filter>mpl\type_traits</Filter>
    </ClInclude>
    <ClInclude Include="mpl\type_traits\is_union.h">
      <Filter>mpl\type_traits</Filter>
    </ClInclude>
    <ClInclude Include="mpl\type_traits\is_unsigned.h">
      <Filter>mpl\type_traits</Filter>
    </ClInclude>
    <ClInclude Include="mpl\type_traits\is_void.h">
      <Filter>mpl\type_traits</Filter>
    </ClInclude>
    <ClInclude Include="mpl\type_traits\remove_all_extent.h">
      <Filter>mpl\type_traits</Filter>
    </ClInclude>
    <ClInclude Include="mpl\type_traits\remove_const.h">
      <Filter>mpl\type_traits</Filter>
    </ClInclude>
    <ClInclude Include="mpl\type_traits\remove_cv.h">
      <Filter>mpl\type_traits</Filter>
    </ClInclude>
    <ClInclude Include="mpl\type_traits\remove_extent.h">
      <Filter>mpl\type_traits</Filter>
    </ClInclude>
    <ClInclude Include="mpl\type_traits\remove_pointer.h">
      <Filter>mpl\type_traits</Filter>
    </ClInclude>
    <ClInclude Include="mpl\type_traits\remove_ref.h">
      <Filter>mpl\type_traits</Filter>
    </ClInclude>
    <ClInclude Include="mpl\type_traits\remove_top_const.h">
      <Filter>mpl\type_traits</Filter>
    </ClInclude>
    <ClInclude Include="mpl\type_traits\remove_volatile.h">
      <Filter>mpl\type_traits</Filter>
    </ClInclude>
    <ClInclude Include="mpl\type_traits\underlying_type.h">
      <Filter>mpl\type_traits</Filter>
    </ClInclude>
    <ClInclude Include="mpl\type_traits\replace.h">
      <Filter>mpl\type_traits</Filter>
    </ClInclude>
    <ClInclude Include="mpl\type_traits\first_template.h">
      <Filter>mpl\type_traits</Filter>
    </ClInclude>
    <ClInclude Include="mpl\type_traits\decay.h">
      <Filter>mpl\type_traits</Filter>
    </ClInclude>
    <ClInclude Include="mpl\type_traits\is_stateless.h">
      <Filter>mpl\type_traits</Filter>
    </ClInclude>
    <ClInclude Include="mpl\integral_.h">
      <Filter>mpl</Filter>
    </ClInclude>
    <ClInclude Include="mpl\sizet_.h">
      <Filter>mpl</Filter>
    </ClInclude>
    <ClInclude Include="mpl\ingore_t.h">
      <Filter>mpl</Filter>
    </ClInclude>
    <ClInclude Include="mpl\type_traits\declval.h">
      <Filter>mpl\type_traits</Filter>
    </ClInclude>
    <ClInclude Include="mpl\type_traits\has_binary_op.h">
      <Filter>mpl\type_traits</Filter>
    </ClInclude>
    <ClInclude Include="mpl\type_traits\has_plus.h">
      <Filter>mpl\type_traits</Filter>
    </ClInclude>
  </ItemGroup>
  <ItemGroup>
    <None Include="math\math_impl_sse.inl">
      <Filter>math</Filter>
    </None>
    <None Include="math\math_impl_neon.inl">
      <Filter>math</Filter>
    </None>
    <None Include="math\math_impl_fpu.inl">
      <Filter>math</Filter>
    </None>
  </ItemGroup>
  <ItemGroup>
    <ClCompile Include="math\vector.cpp">
      <Filter>math</Filter>
    </ClCompile>
    <ClCompile Include="math\math_impl.cpp">
      <Filter>math</Filter>
    </ClCompile>
  </ItemGroup>
</Project>